
Microsoft Visual Studio Solution File, Format Version 12.00
# Visual Studio Version 18
VisualStudioVersion = 18.3.11505.172
MinimumVisualStudioVersion = 10.0.40219.1
Project("{9A19103F-16F7-4668-BE54-9A1E7A4F7556}") = "biorand-re7", "src\biorand-re7\biorand-re7.csproj", "{2693B039-0FDF-4F19-9B4C-9604BB67B6A6}"
	ProjectSection(ProjectDependencies) = postProject
		{2375B9DD-33A3-453C-B1F3-EC9275A84944} = {2375B9DD-33A3-453C-B1F3-EC9275A84944}
	EndProjectSection
EndProject
Project("{2150E333-8FDC-42A3-9474-1A3956D46DE8}") = "src", "src", "{C63AE2CF-8873-4DD8-9E14-01E099F90870}"
EndProject
Project("{9A19103F-16F7-4668-BE54-9A1E7A4F7556}") = "Biohazard.BioRand.RE7", "src\Biohazard.BioRand.RE7\Biohazard.BioRand.RE7.csproj", "{CCCDB04C-7D3B-425F-AC0E-C2EEC5A0C7BB}"
EndProject
Project("{FAE04EC0-301F-11D3-BF4B-00C04F79EFBC}") = "Biohazard.BioRand.RE7.Tests", "src\Biohazard.BioRand.RE7.Tests\Biohazard.BioRand.RE7.Tests.csproj", "{2C763BDF-0236-45C0-BEE3-A1C32DA74E97}"
EndProject
Project("{FAE04EC0-301F-11D3-BF4B-00C04F79EFBC}") = "Biohazard.BioRand.RE7.DataGen", "src\Biohazard.BioRand.RE7.DataGen\Biohazard.BioRand.RE7.DataGen.csproj", "{F39039EE-DA05-4396-A844-998D0B6A4E41}"
EndProject
Project("{2150E333-8FDC-42A3-9474-1A3956D46DE8}") = "Solution Items", "Solution Items", "{2704C03C-BA58-4E0A-97A0-9852DC5CFDF8}"
	ProjectSection(SolutionItems) = preProject
		.editorconfig = .editorconfig
	EndProjectSection
EndProject
Project("{FAE04EC0-301F-11D3-BF4B-00C04F79EFBC}") = "Biohazard.BioRand.RE7.REFrameworkPlugins", "src\Biohazard.BioRand.RE7.REFrameworkPlugins\Biohazard.BioRand.RE7.REFrameworkPlugins.csproj", "{2375B9DD-33A3-453C-B1F3-EC9275A84944}"
EndProject
Project("{FAE04EC0-301F-11D3-BF4B-00C04F79EFBC}") = "IntelOrca.Biohazard.REE", "src\reeutils\src\IntelOrca.Biohazard.REE\IntelOrca.Biohazard.REE.csproj", "{FA96144B-B3DC-4E50-C4F2-BD7C6771F388}"
EndProject
Project("{FAE04EC0-301F-11D3-BF4B-00C04F79EFBC}") = "Biohazard.BioRand.RE7.Benchmarks", "src\Biohazard.BioRand.RE7.Benchmarks\Biohazard.BioRand.RE7.Benchmarks.csproj", "{13805E2E-E45E-4BDA-9A56-9C5E70D76FEF}"
EndProject
Global
	GlobalSection(SolutionConfigurationPlatforms) = preSolution
		Debug|Any CPU = Debug|Any CPU
		Release|Any CPU = Release|Any CPU
	EndGlobalSection
	GlobalSection(ProjectConfigurationPlatforms) = postSolution
		{2693B039-0FDF-4F19-9B4C-9604BB67B6A6}.Debug|Any CPU.ActiveCfg = Debug|Any CPU
		{2693B039-0FDF-4F19-9B4C-9604BB67B6A6}.Debug|Any CPU.Build.0 = Debug|Any CPU
		{2693B039-0FDF-4F19-9B4C-9604BB67B6A6}.Release|Any CPU.ActiveCfg = Release|Any CPU
		{2693B039-0FDF-4F19-9B4C-9604BB67B6A6}.Release|Any CPU.Build.0 = Release|Any CPU
		{CCCDB04C-7D3B-425F-AC0E-C2EEC5A0C7BB}.Debug|Any CPU.ActiveCfg = Debug|Any CPU
		{CCCDB04C-7D3B-425F-AC0E-C2EEC5A0C7BB}.Debug|Any CPU.Build.0 = Debug|Any CPU
		{CCCDB04C-7D3B-425F-AC0E-C2EEC5A0C7BB}.Release|Any CPU.ActiveCfg = Release|Any CPU
		{CCCDB04C-7D3B-425F-AC0E-C2EEC5A0C7BB}.Release|Any CPU.Build.0 = Release|Any CPU
		{2C763BDF-0236-45C0-BEE3-A1C32DA74E97}.Debug|Any CPU.ActiveCfg = Debug|Any CPU
		{2C763BDF-0236-45C0-BEE3-A1C32DA74E97}.Debug|Any CPU.Build.0 = Debug|Any CPU
		{2C763BDF-0236-45C0-BEE3-A1C32DA74E97}.Release|Any CPU.ActiveCfg = Release|Any CPU
		{2C763BDF-0236-45C0-BEE3-A1C32DA74E97}.Release|Any CPU.Build.0 = Release|Any CPU
		{F39039EE-DA05-4396-A844-998D0B6A4E41}.Debug|Any CPU.ActiveCfg = Debug|Any CPU
		{F39039EE-DA05-4396-A844-998D0B6A4E41}.Debug|Any CPU.Build.0 = Debug|Any CPU
		{F39039EE-DA05-4396-A844-998D0B6A4E41}.Release|Any CPU.ActiveCfg = Release|Any CPU
		{F39039EE-DA05-4396-A844-998D0B6A4E41}.Release|Any CPU.Build.0 = Release|Any CPU
		{2375B9DD-33A3-453C-B1F3-EC9275A84944}.Debug|Any CPU.ActiveCfg = Debug|Any CPU
		{2375B9DD-33A3-453C-B1F3-EC9275A84944}.Debug|Any CPU.Build.0 = Debug|Any CPU
		{2375B9DD-33A3-453C-B1F3-EC9275A84944}.Release|Any CPU.ActiveCfg = Release|Any CPU
		{2375B9DD-33A3-453C-B1F3-EC9275A84944}.Release|Any CPU.Build.0 = Release|Any CPU
		{FA96144B-B3DC-4E50-C4F2-BD7C6771F388}.Debug|Any CPU.ActiveCfg = Debug|Any CPU
		{FA96144B-B3DC-4E50-C4F2-BD7C6771F388}.Debug|Any CPU.Build.0 = Debug|Any CPU
		{FA96144B-B3DC-4E50-C4F2-BD7C6771F388}.Release|Any CPU.ActiveCfg = Release|Any CPU
		{FA96144B-B3DC-4E50-C4F2-BD7C6771F388}.Release|Any CPU.Build.0 = Release|Any CPU
		{13805E2E-E45E-4BDA-9A56-9C5E70D76FEF}.Debug|Any CPU.ActiveCfg = Debug|Any CPU
		{13805E2E-E45E-4BDA-9A56-9C5E70D76FEF}.Debug|Any CPU.Build.0 = Debug|Any CPU
		{13805E2E-E45E-4BDA-9A56-9C5E70D76FEF}.Release|Any CPU.ActiveCfg = Release|Any CPU
		{13805E2E-E45E-4BDA-9A56-9C5E70D76FEF}.Release|Any CPU.Build.0 = Release|Any CPU
	EndGlobalSection
	GlobalSection(SolutionProperties) = preSolution
		HideSolutionNode = FALSE
	EndGlobalSection
	GlobalSection(NestedProjects) = preSolution
		{2693B039-0FDF-4F19-9B4C-9604BB67B6A6} = {C63AE2CF-8873-4DD8-9E14-01E099F90870}
		{CCCDB04C-7D3B-425F-AC0E-C2EEC5A0C7BB} = {C63AE2CF-8873-4DD8-9E14-01E099F90870}
		{2C763BDF-0236-45C0-BEE3-A1C32DA74E97} = {C63AE2CF-8873-4DD8-9E14-01E099F90870}
		{F39039EE-DA05-4396-A844-998D0B6A4E41} = {C63AE2CF-8873-4DD8-9E14-01E099F90870}
		{2375B9DD-33A3-453C-B1F3-EC9275A84944} = {C63AE2CF-8873-4DD8-9E14-01E099F90870}
		{FA96144B-B3DC-4E50-C4F2-BD7C6771F388} = {C63AE2CF-8873-4DD8-9E14-01E099F90870}
		{13805E2E-E45E-4BDA-9A56-9C5E70D76FEF} = {C63AE2CF-8873-4DD8-9E14-01E099F90870}
	EndGlobalSection
	GlobalSection(ExtensibilityGlobals) = postSolution
		SolutionGuid = {5780D5E9-A2CD-4CCE-AF3A-F785EC19D2AB}
	EndGlobalSection
EndGlobal
